
Microsoft Visual Studio Solution File, Format Version 12.00
# Visual Studio Version 17
VisualStudioVersion = 17.14.36811.4 d17.14
MinimumVisualStudioVersion = 10.0.40219.1
Project("{8BC9CEB8-8B4A-11D0-8D11-00A0C91BC942}") = "Calpath", "Calpath\Calpath.vcxproj", "{C4F30C60-88B4-9F77-D2EB-770C787324BF}"
EndProject
Global
	GlobalSection(SolutionConfigurationPlatforms) = preSolution
		Debug|x64 = Debug|x64
		Release|x64 = Release|x64
	EndGlobalSection
	GlobalSection(ProjectConfigurationPlatforms) = postSolution
		{C4F30C60-88B4-9F77-D2EB-770C787324BF}.Debug|x64.ActiveCfg = Debug|x64
		{C4F30C60-88B4-9F77-D2EB-770C787324BF}.Debug|x64.Build.0 = Debug|x64
		{C4F30C60-88B4-9F77-D2EB-770C787324BF}.Release|x64.ActiveCfg = Release|x64
		{C4F30C60-88B4-9F77-D2EB-770C787324BF}.Release|x64.Build.0 = Release|x64
	EndGlobalSection
	GlobalSection(SolutionProperties) = preSolution
		HideSolutionNode = FALSE
	EndGlobalSection
	GlobalSection(ExtensibilityGlobals) = postSolution
		SolutionGuid = {C8E53396-A1FF-4067-ADD7-1BE8CF0DD467}
	EndGlobalSection
EndGlobal
