
Microsoft Visual Studio Solution File, Format Version 12.00
# Visual Studio Version 17
VisualStudioVersion = 17.14.36811.4 d17.14
MinimumVisualStudioVersion = 10.0.40219.1
Project("{FAE04EC0-301F-11D3-BF4B-00C04F79EFBC}") = "ConsoleMain", "ConsoleMain\ConsoleMain.csproj", "{98CE4162-A8D7-40A7-94C1-FA1C66B0ADF6}"
EndProject
Project("{FAE04EC0-301F-11D3-BF4B-00C04F79EFBC}") = "TestProject1", "TestProject1\TestProject1.csproj", "{7E3A0330-28AC-435E-99A0-97F0738DB848}"
EndProject
Global
	GlobalSection(SolutionConfigurationPlatforms) = preSolution
		Debug|Any CPU = Debug|Any CPU
		Release|Any CPU = Release|Any CPU
	EndGlobalSection
	GlobalSection(ProjectConfigurationPlatforms) = postSolution
		{98CE4162-A8D7-40A7-94C1-FA1C66B0ADF6}.Debug|Any CPU.ActiveCfg = Debug|Any CPU
		{98CE4162-A8D7-40A7-94C1-FA1C66B0ADF6}.Debug|Any CPU.Build.0 = Debug|Any CPU
		{98CE4162-A8D7-40A7-94C1-FA1C66B0ADF6}.Release|Any CPU.ActiveCfg = Release|Any CPU
		{98CE4162-A8D7-40A7-94C1-FA1C66B0ADF6}.Release|Any CPU.Build.0 = Release|Any CPU
		{7E3A0330-28AC-435E-99A0-97F0738DB848}.Debug|Any CPU.ActiveCfg = Debug|Any CPU
		{7E3A0330-28AC-435E-99A0-97F0738DB848}.Debug|Any CPU.Build.0 = Debug|Any CPU
		{7E3A0330-28AC-435E-99A0-97F0738DB848}.Release|Any CPU.ActiveCfg = Release|Any CPU
		{7E3A0330-28AC-435E-99A0-97F0738DB848}.Release|Any CPU.Build.0 = Release|Any CPU
	EndGlobalSection
	GlobalSection(SolutionProperties) = preSolution
		HideSolutionNode = FALSE
	EndGlobalSection
	GlobalSection(ExtensibilityGlobals) = postSolution
		SolutionGuid = {798E76AD-5E95-4CE5-95E1-70B257646E14}
	EndGlobalSection
EndGlobal
